
Microsoft Visual Studio Solution File, Format Version 12.00
# Visual Studio Version 16
VisualStudioVersion = 16.0.29911.84
MinimumVisualStudioVersion = 10.0.40219.1
Project("{FAE04EC0-301F-11D3-BF4B-00C04F79EFBC}") = "CampingPlatformServer", "CampingPlatformServer\CampingPlatformServer.csproj", "{FA2A7A0E-1DCA-4EED-A053-39DA7C049033}"
EndProject
Global
	GlobalSection(SolutionConfigurationPlatforms) = preSolution
		Debug|Any CPU = Debug|Any CPU
		Release|Any CPU = Release|Any CPU
	EndGlobalSection
	GlobalSection(ProjectConfigurationPlatforms) = postSolution
		{FA2A7A0E-1DCA-4EED-A053-39DA7C049033}.Debug|Any CPU.ActiveCfg = Debug|Any CPU
		{FA2A7A0E-1DCA-4EED-A053-39DA7C049033}.Debug|Any CPU.Build.0 = Debug|Any CPU
		{FA2A7A0E-1DCA-4EED-A053-39DA7C049033}.Release|Any CPU.ActiveCfg = Release|Any CPU
		{FA2A7A0E-1DCA-4EED-A053-39DA7C049033}.Release|Any CPU.Build.0 = Release|Any CPU
	EndGlobalSection
	GlobalSection(SolutionProperties) = preSolution
		HideSolutionNode = FALSE
	EndGlobalSection
	GlobalSection(ExtensibilityGlobals) = postSolution
		SolutionGuid = {B7C759FA-FDF8-4253-B92E-B1822904AA3A}
	EndGlobalSection
EndGlobal
